
Microsoft Visual Studio Solution File, Format Version 12.00
# Visual Studio Version 17
VisualStudioVersion = 17.8.34330.188
MinimumVisualStudioVersion = 10.0.40219.1
Project("{8BC9CEB8-8B4A-11D0-8D11-00A0C91BC942}") = "Pointers", "Pointers\Pointers.vcxproj", "{7FE6FCA1-0889-4C89-B280-D2226E2674D1}"
EndProject
Project("{8BC9CEB8-8B4A-11D0-8D11-00A0C91BC942}") = "Split", "Split\Split.vcxproj", "{5BB9E360-934D-4D55-A0E7-79C13247BBB9}"
EndProject
Project("{8BC9CEB8-8B4A-11D0-8D11-00A0C91BC942}") = "DynamicMemory", "DynamicMemory\DynamicMemory.vcxproj", "{B29E1C5B-EED1-4C4E-9CB7-0D93AE191F50}"
EndProject
Project("{8BC9CEB8-8B4A-11D0-8D11-00A0C91BC942}") = "string", "string\string.vcxproj", "{DD8CA69B-C6C4-4E06-AA59-A676006E43EB}"
EndProject
Global
	GlobalSection(SolutionConfigurationPlatforms) = preSolution
		Debug|x64 = Debug|x64
		Debug|x86 = Debug|x86
		Release|x64 = Release|x64
		Release|x86 = Release|x86
	EndGlobalSection
	GlobalSection(ProjectConfigurationPlatforms) = postSolution
		{7FE6FCA1-0889-4C89-B280-D2226E2674D1}.Debug|x64.ActiveCfg = Debug|x64
		{7FE6FCA1-0889-4C89-B280-D2226E2674D1}.Debug|x64.Build.0 = Debug|x64
		{7FE6FCA1-0889-4C89-B280-D2226E2674D1}.Debug|x86.ActiveCfg = Debug|Win32
		{7FE6FCA1-0889-4C89-B280-D2226E2674D1}.Debug|x86.Build.0 = Debug|Win32
		{7FE6FCA1-0889-4C89-B280-D2226E2674D1}.Release|x64.ActiveCfg = Release|x64
		{7FE6FCA1-0889-4C89-B280-D2226E2674D1}.Release|x64.Build.0 = Release|x64
		{7FE6FCA1-0889-4C89-B280-D2226E2674D1}.Release|x86.ActiveCfg = Release|Win32
		{7FE6FCA1-0889-4C89-B280-D2226E2674D1}.Release|x86.Build.0 = Release|Win32
		{5BB9E360-934D-4D55-A0E7-79C13247BBB9}.Debug|x64.ActiveCfg = Debug|x64
		{5BB9E360-934D-4D55-A0E7-79C13247BBB9}.Debug|x64.Build.0 = Debug|x64
		{5BB9E360-934D-4D55-A0E7-79C13247BBB9}.Debug|x86.ActiveCfg = Debug|Win32
		{5BB9E360-934D-4D55-A0E7-79C13247BBB9}.Debug|x86.Build.0 = Debug|Win32
		{5BB9E360-934D-4D55-A0E7-79C13247BBB9}.Release|x64.ActiveCfg = Release|x64
		{5BB9E360-934D-4D55-A0E7-79C13247BBB9}.Release|x64.Build.0 = Release|x64
		{5BB9E360-934D-4D55-A0E7-79C13247BBB9}.Release|x86.ActiveCfg = Release|Win32
		{5BB9E360-934D-4D55-A0E7-79C13247BBB9}.Release|x86.Build.0 = Release|Win32
		{B29E1C5B-EED1-4C4E-9CB7-0D93AE191F50}.Debug|x64.ActiveCfg = Debug|x64
		{B29E1C5B-EED1-4C4E-9CB7-0D93AE191F50}.Debug|x64.Build.0 = Debug|x64
		{B29E1C5B-EED1-4C4E-9CB7-0D93AE191F50}.Debug|x86.ActiveCfg = Debug|Win32
		{B29E1C5B-EED1-4C4E-9CB7-0D93AE191F50}.Debug|x86.Build.0 = Debug|Win32
		{B29E1C5B-EED1-4C4E-9CB7-0D93AE191F50}.Release|x64.ActiveCfg = Release|x64
		{B29E1C5B-EED1-4C4E-9CB7-0D93AE191F50}.Release|x64.Build.0 = Release|x64
		{B29E1C5B-EED1-4C4E-9CB7-0D93AE191F50}.Release|x86.ActiveCfg = Release|Win32
		{B29E1C5B-EED1-4C4E-9CB7-0D93AE191F50}.Release|x86.Build.0 = Release|Win32
		{DD8CA69B-C6C4-4E06-AA59-A676006E43EB}.Debug|x64.ActiveCfg = Debug|x64
		{DD8CA69B-C6C4-4E06-AA59-A676006E43EB}.Debug|x64.Build.0 = Debug|x64
		{DD8CA69B-C6C4-4E06-AA59-A676006E43EB}.Debug|x86.ActiveCfg = Debug|Win32
		{DD8CA69B-C6C4-4E06-AA59-A676006E43EB}.Debug|x86.Build.0 = Debug|Win32
		{DD8CA69B-C6C4-4E06-AA59-A676006E43EB}.Release|x64.ActiveCfg = Release|x64
		{DD8CA69B-C6C4-4E06-AA59-A676006E43EB}.Release|x64.Build.0 = Release|x64
		{DD8CA69B-C6C4-4E06-AA59-A676006E43EB}.Release|x86.ActiveCfg = Release|Win32
		{DD8CA69B-C6C4-4E06-AA59-A676006E43EB}.Release|x86.Build.0 = Release|Win32
	EndGlobalSection
	GlobalSection(SolutionProperties) = preSolution
		HideSolutionNode = FALSE
	EndGlobalSection
	GlobalSection(ExtensibilityGlobals) = postSolution
		SolutionGuid = {B99A56AC-D406-4353-8F73-9C8EDDC0A626}
	EndGlobalSection
EndGlobal
